
Microsoft Visual Studio Solution File, Format Version 12.00
# Visual Studio Version 17
VisualStudioVersion = 17.9.34723.18
MinimumVisualStudioVersion = 10.0.40219.1
Project("{9A19103F-16F7-4668-BE54-9A1E7A4F7556}") = "ddns-hcli", "ddns-hcli.csproj", "{17D879F0-F04E-4D70-ABB2-FD3FA1B03190}"
EndProject
Project("{9A19103F-16F7-4668-BE54-9A1E7A4F7556}") = "HaleyRest", "..\..\..\HaleyProject\HaleyRest\HaleyRest\HaleyRest.csproj", "{9CEE0A2A-4A62-4FA1-9BB4-A1C97BAFDEC4}"
EndProject
Global
	GlobalSection(SolutionConfigurationPlatforms) = preSolution
		Debug_Net6|Any CPU = Debug_Net6|Any CPU
		Debug|Any CPU = Debug|Any CPU
		Release|Any CPU = Release|Any CPU
	EndGlobalSection
	GlobalSection(ProjectConfigurationPlatforms) = postSolution
		{17D879F0-F04E-4D70-ABB2-FD3FA1B03190}.Debug_Net6|Any CPU.ActiveCfg = Debug|Any CPU
		{17D879F0-F04E-4D70-ABB2-FD3FA1B03190}.Debug_Net6|Any CPU.Build.0 = Debug|Any CPU
		{17D879F0-F04E-4D70-ABB2-FD3FA1B03190}.Debug|Any CPU.ActiveCfg = Debug|Any CPU
		{17D879F0-F04E-4D70-ABB2-FD3FA1B03190}.Debug|Any CPU.Build.0 = Debug|Any CPU
		{17D879F0-F04E-4D70-ABB2-FD3FA1B03190}.Release|Any CPU.ActiveCfg = Release|Any CPU
		{17D879F0-F04E-4D70-ABB2-FD3FA1B03190}.Release|Any CPU.Build.0 = Release|Any CPU
		{9CEE0A2A-4A62-4FA1-9BB4-A1C97BAFDEC4}.Debug_Net6|Any CPU.ActiveCfg = Debug_Net6|Any CPU
		{9CEE0A2A-4A62-4FA1-9BB4-A1C97BAFDEC4}.Debug_Net6|Any CPU.Build.0 = Debug_Net6|Any CPU
		{9CEE0A2A-4A62-4FA1-9BB4-A1C97BAFDEC4}.Debug|Any CPU.ActiveCfg = Debug|Any CPU
		{9CEE0A2A-4A62-4FA1-9BB4-A1C97BAFDEC4}.Debug|Any CPU.Build.0 = Debug|Any CPU
		{9CEE0A2A-4A62-4FA1-9BB4-A1C97BAFDEC4}.Release|Any CPU.ActiveCfg = Release|Any CPU
		{9CEE0A2A-4A62-4FA1-9BB4-A1C97BAFDEC4}.Release|Any CPU.Build.0 = Release|Any CPU
	EndGlobalSection
	GlobalSection(SolutionProperties) = preSolution
		HideSolutionNode = FALSE
	EndGlobalSection
	GlobalSection(ExtensibilityGlobals) = postSolution
		SolutionGuid = {D2AD8E0E-473C-4324-A82D-AC821B9C3EB1}
	EndGlobalSection
EndGlobal
